
Microsoft Visual Studio Solution File, Format Version 12.00
# Visual Studio Version 17
VisualStudioVersion = 17.9.34728.123
MinimumVisualStudioVersion = 10.0.40219.1
Project("{FAE04EC0-301F-11D3-BF4B-00C04F79EFBC}") = "BusinessObject", "BusinessObject\BusinessObject.csproj", "{88C46888-8778-4E46-8C99-1C56C326365B}"
EndProject
Project("{FAE04EC0-301F-11D3-BF4B-00C04F79EFBC}") = "DataLayerAccess", "DataLayerAccess\DataLayerAccess.csproj", "{5DD9AC8C-A757-420B-ACB0-C77674E240CE}"
EndProject
Project("{FAE04EC0-301F-11D3-BF4B-00C04F79EFBC}") = "Repositories", "Repositories\Repositories.csproj", "{5D21B608-94B4-4756-B122-06D7F5A30AA1}"
EndProject
Project("{FAE04EC0-301F-11D3-BF4B-00C04F79EFBC}") = "HotelManagement", "HotelManagement\HotelManagement.csproj", "{DD200F71-E1E9-4627-9463-E4BFB010B88A}"
EndProject
Global
	GlobalSection(SolutionConfigurationPlatforms) = preSolution
		Debug|Any CPU = Debug|Any CPU
		Release|Any CPU = Release|Any CPU
	EndGlobalSection
	GlobalSection(ProjectConfigurationPlatforms) = postSolution
		{88C46888-8778-4E46-8C99-1C56C326365B}.Debug|Any CPU.ActiveCfg = Debug|Any CPU
		{88C46888-8778-4E46-8C99-1C56C326365B}.Debug|Any CPU.Build.0 = Debug|Any CPU
		{88C46888-8778-4E46-8C99-1C56C326365B}.Release|Any CPU.ActiveCfg = Release|Any CPU
		{88C46888-8778-4E46-8C99-1C56C326365B}.Release|Any CPU.Build.0 = Release|Any CPU
		{5DD9AC8C-A757-420B-ACB0-C77674E240CE}.Debug|Any CPU.ActiveCfg = Debug|Any CPU
		{5DD9AC8C-A757-420B-ACB0-C77674E240CE}.Debug|Any CPU.Build.0 = Debug|Any CPU
		{5DD9AC8C-A757-420B-ACB0-C77674E240CE}.Release|Any CPU.ActiveCfg = Release|Any CPU
		{5DD9AC8C-A757-420B-ACB0-C77674E240CE}.Release|Any CPU.Build.0 = Release|Any CPU
		{5D21B608-94B4-4756-B122-06D7F5A30AA1}.Debug|Any CPU.ActiveCfg = Debug|Any CPU
		{5D21B608-94B4-4756-B122-06D7F5A30AA1}.Debug|Any CPU.Build.0 = Debug|Any CPU
		{5D21B608-94B4-4756-B122-06D7F5A30AA1}.Release|Any CPU.ActiveCfg = Release|Any CPU
		{5D21B608-94B4-4756-B122-06D7F5A30AA1}.Release|Any CPU.Build.0 = Release|Any CPU
		{DD200F71-E1E9-4627-9463-E4BFB010B88A}.Debug|Any CPU.ActiveCfg = Debug|Any CPU
		{DD200F71-E1E9-4627-9463-E4BFB010B88A}.Debug|Any CPU.Build.0 = Debug|Any CPU
		{DD200F71-E1E9-4627-9463-E4BFB010B88A}.Release|Any CPU.ActiveCfg = Release|Any CPU
		{DD200F71-E1E9-4627-9463-E4BFB010B88A}.Release|Any CPU.Build.0 = Release|Any CPU
	EndGlobalSection
	GlobalSection(SolutionProperties) = preSolution
		HideSolutionNode = FALSE
	EndGlobalSection
	GlobalSection(ExtensibilityGlobals) = postSolution
		SolutionGuid = {97C5AE49-DD26-4012-9744-E5DF9B1688F2}
	EndGlobalSection
EndGlobal
